
Microsoft Visual Studio Solution File, Format Version 12.00
# Visual Studio Version 16
VisualStudioVersion = 16.0.32126.315
MinimumVisualStudioVersion = 10.0.40219.1
Project("{FAE04EC0-301F-11D3-BF4B-00C04F79EFBC}") = "TechTrainingTracker.WebMVC", "TechTrainingTracker.WebMVC\TechTrainingTracker.WebMVC.csproj", "{85CF545C-76A5-42D7-8585-466D855ECE93}"
EndProject
Project("{FAE04EC0-301F-11D3-BF4B-00C04F79EFBC}") = "TechTrainingTracker.Data", "TechTrainingTracker.Data\TechTrainingTracker.Data.csproj", "{0F0445AA-7217-4F88-877F-FBF2026CEC12}"
EndProject
Project("{FAE04EC0-301F-11D3-BF4B-00C04F79EFBC}") = "TechTrainingTracker.Models", "TechTrainingTracker.Models\TechTrainingTracker.Models.csproj", "{15B4896F-A1FE-42F7-867C-0B2C1E8FA89A}"
EndProject
Project("{FAE04EC0-301F-11D3-BF4B-00C04F79EFBC}") = "TechTrainingTracker.Services", "TechTrainingTracker.Services\TechTrainingTracker.Services.csproj", "{D7AA5204-A69D-4DED-B6CB-7AA0DA6FAF3B}"
EndProject
Global
	GlobalSection(SolutionConfigurationPlatforms) = preSolution
		Debug|Any CPU = Debug|Any CPU
		Release|Any CPU = Release|Any CPU
	EndGlobalSection
	GlobalSection(ProjectConfigurationPlatforms) = postSolution
		{85CF545C-76A5-42D7-8585-466D855ECE93}.Debug|Any CPU.ActiveCfg = Debug|Any CPU
		{85CF545C-76A5-42D7-8585-466D855ECE93}.Debug|Any CPU.Build.0 = Debug|Any CPU
		{85CF545C-76A5-42D7-8585-466D855ECE93}.Release|Any CPU.ActiveCfg = Release|Any CPU
		{85CF545C-76A5-42D7-8585-466D855ECE93}.Release|Any CPU.Build.0 = Release|Any CPU
		{0F0445AA-7217-4F88-877F-FBF2026CEC12}.Debug|Any CPU.ActiveCfg = Debug|Any CPU
		{0F0445AA-7217-4F88-877F-FBF2026CEC12}.Debug|Any CPU.Build.0 = Debug|Any CPU
		{0F0445AA-7217-4F88-877F-FBF2026CEC12}.Release|Any CPU.ActiveCfg = Release|Any CPU
		{0F0445AA-7217-4F88-877F-FBF2026CEC12}.Release|Any CPU.Build.0 = Release|Any CPU
		{15B4896F-A1FE-42F7-867C-0B2C1E8FA89A}.Debug|Any CPU.ActiveCfg = Debug|Any CPU
		{15B4896F-A1FE-42F7-867C-0B2C1E8FA89A}.Debug|Any CPU.Build.0 = Debug|Any CPU
		{15B4896F-A1FE-42F7-867C-0B2C1E8FA89A}.Release|Any CPU.ActiveCfg = Release|Any CPU
		{15B4896F-A1FE-42F7-867C-0B2C1E8FA89A}.Release|Any CPU.Build.0 = Release|Any CPU
		{D7AA5204-A69D-4DED-B6CB-7AA0DA6FAF3B}.Debug|Any CPU.ActiveCfg = Debug|Any CPU
		{D7AA5204-A69D-4DED-B6CB-7AA0DA6FAF3B}.Debug|Any CPU.Build.0 = Debug|Any CPU
		{D7AA5204-A69D-4DED-B6CB-7AA0DA6FAF3B}.Release|Any CPU.ActiveCfg = Release|Any CPU
		{D7AA5204-A69D-4DED-B6CB-7AA0DA6FAF3B}.Release|Any CPU.Build.0 = Release|Any CPU
	EndGlobalSection
	GlobalSection(SolutionProperties) = preSolution
		HideSolutionNode = FALSE
	EndGlobalSection
	GlobalSection(ExtensibilityGlobals) = postSolution
		SolutionGuid = {C8A25326-8067-48B6-AD7F-8AD0759E5EB1}
	EndGlobalSection
EndGlobal
